
Microsoft Visual Studio Solution File, Format Version 12.00
# Visual Studio Version 17
VisualStudioVersion = 17.7.34018.315
MinimumVisualStudioVersion = 10.0.40219.1
Project("{FAE04EC0-301F-11D3-BF4B-00C04F79EFBC}") = "Uppgift_5.Test", "Uppgift_5.Test\Uppgift_5.Test.csproj", "{C7B289A0-99EC-4C5A-A035-6A55CD0E8013}"
EndProject
Global
	GlobalSection(SolutionConfigurationPlatforms) = preSolution
		Debug|Any CPU = Debug|Any CPU
		Release|Any CPU = Release|Any CPU
	EndGlobalSection
	GlobalSection(ProjectConfigurationPlatforms) = postSolution
		{C7B289A0-99EC-4C5A-A035-6A55CD0E8013}.Debug|Any CPU.ActiveCfg = Debug|Any CPU
		{C7B289A0-99EC-4C5A-A035-6A55CD0E8013}.Debug|Any CPU.Build.0 = Debug|Any CPU
		{C7B289A0-99EC-4C5A-A035-6A55CD0E8013}.Release|Any CPU.ActiveCfg = Release|Any CPU
		{C7B289A0-99EC-4C5A-A035-6A55CD0E8013}.Release|Any CPU.Build.0 = Release|Any CPU
	EndGlobalSection
	GlobalSection(SolutionProperties) = preSolution
		HideSolutionNode = FALSE
	EndGlobalSection
	GlobalSection(ExtensibilityGlobals) = postSolution
		SolutionGuid = {8C5D375A-7737-4D80-A17B-293C9B42AA82}
	EndGlobalSection
EndGlobal
